
Microsoft Visual Studio Solution File, Format Version 12.00
# Visual Studio Version 17
VisualStudioVersion = 17.5.002.0
MinimumVisualStudioVersion = 10.0.40219.1
Project("{2150E333-8FDC-42A3-9474-1A3956D46DE8}") = "test", "test", "{8EA531C5-4520-4BEC-A2F7-4E214F30C325}"
EndProject
Project("{2150E333-8FDC-42A3-9474-1A3956D46DE8}") = "src", "src", "{D7476A1D-B475-472A-946A-D21E55091A9E}"
EndProject
Project("{FAE04EC0-301F-11D3-BF4B-00C04F79EFBC}") = "Chirp.Core", "src\Chirp.Core\Chirp.Core.csproj", "{01C8558C-0368-4186-AB91-BC7138D95F2A}"
EndProject
Project("{FAE04EC0-301F-11D3-BF4B-00C04F79EFBC}") = "Chirp.Infrastructure", "src\Chirp.Infrastructure\Chirp.Infrastructure.csproj", "{CBA6CACE-9139-4DBA-814D-FB0C15B51C44}"
EndProject
Project("{FAE04EC0-301F-11D3-BF4B-00C04F79EFBC}") = "Chirp.Web", "src\Chirp.Web\Chirp.Web.csproj", "{94B0AAF6-8C31-4F79-BF62-04721A86E24F}"
EndProject
Project("{FAE04EC0-301F-11D3-BF4B-00C04F79EFBC}") = "Chirp.Web.Tests", "test\Chirp.Web.Tests\Chirp.Web.Tests.csproj", "{8E7174FD-D86D-4E96-8C37-8C0D5D738383}"
EndProject
Project("{FAE04EC0-301F-11D3-BF4B-00C04F79EFBC}") = "Chirp.Infrastructure.Tests", "test\Chirp.Infrastructure.Tests\Chirp.Infrastructure.Tests.csproj", "{17681D79-E62B-4BAD-9633-67D07F5A8408}"
EndProject
Global
	GlobalSection(SolutionConfigurationPlatforms) = preSolution
		Debug|Any CPU = Debug|Any CPU
		Release|Any CPU = Release|Any CPU
	EndGlobalSection
	GlobalSection(ProjectConfigurationPlatforms) = postSolution
		{01C8558C-0368-4186-AB91-BC7138D95F2A}.Debug|Any CPU.ActiveCfg = Debug|Any CPU
		{01C8558C-0368-4186-AB91-BC7138D95F2A}.Debug|Any CPU.Build.0 = Debug|Any CPU
		{01C8558C-0368-4186-AB91-BC7138D95F2A}.Release|Any CPU.ActiveCfg = Release|Any CPU
		{01C8558C-0368-4186-AB91-BC7138D95F2A}.Release|Any CPU.Build.0 = Release|Any CPU
		{CBA6CACE-9139-4DBA-814D-FB0C15B51C44}.Debug|Any CPU.ActiveCfg = Debug|Any CPU
		{CBA6CACE-9139-4DBA-814D-FB0C15B51C44}.Debug|Any CPU.Build.0 = Debug|Any CPU
		{CBA6CACE-9139-4DBA-814D-FB0C15B51C44}.Release|Any CPU.ActiveCfg = Release|Any CPU
		{CBA6CACE-9139-4DBA-814D-FB0C15B51C44}.Release|Any CPU.Build.0 = Release|Any CPU
		{94B0AAF6-8C31-4F79-BF62-04721A86E24F}.Debug|Any CPU.ActiveCfg = Debug|Any CPU
		{94B0AAF6-8C31-4F79-BF62-04721A86E24F}.Debug|Any CPU.Build.0 = Debug|Any CPU
		{94B0AAF6-8C31-4F79-BF62-04721A86E24F}.Release|Any CPU.ActiveCfg = Release|Any CPU
		{94B0AAF6-8C31-4F79-BF62-04721A86E24F}.Release|Any CPU.Build.0 = Release|Any CPU
		{8E7174FD-D86D-4E96-8C37-8C0D5D738383}.Debug|Any CPU.ActiveCfg = Debug|Any CPU
		{8E7174FD-D86D-4E96-8C37-8C0D5D738383}.Debug|Any CPU.Build.0 = Debug|Any CPU
		{8E7174FD-D86D-4E96-8C37-8C0D5D738383}.Release|Any CPU.ActiveCfg = Release|Any CPU
		{8E7174FD-D86D-4E96-8C37-8C0D5D738383}.Release|Any CPU.Build.0 = Release|Any CPU
		{17681D79-E62B-4BAD-9633-67D07F5A8408}.Debug|Any CPU.ActiveCfg = Debug|Any CPU
		{17681D79-E62B-4BAD-9633-67D07F5A8408}.Debug|Any CPU.Build.0 = Debug|Any CPU
		{17681D79-E62B-4BAD-9633-67D07F5A8408}.Release|Any CPU.ActiveCfg = Release|Any CPU
		{17681D79-E62B-4BAD-9633-67D07F5A8408}.Release|Any CPU.Build.0 = Release|Any CPU
	EndGlobalSection
	GlobalSection(SolutionProperties) = preSolution
		HideSolutionNode = FALSE
	EndGlobalSection
	GlobalSection(ExtensibilityGlobals) = postSolution
		SolutionGuid = {0C8252CB-89F9-4E40-BFA2-E5EAEAAF6431}
	EndGlobalSection
	GlobalSection(NestedProjects) = preSolution
		{01C8558C-0368-4186-AB91-BC7138D95F2A} = {D7476A1D-B475-472A-946A-D21E55091A9E}
		{CBA6CACE-9139-4DBA-814D-FB0C15B51C44} = {D7476A1D-B475-472A-946A-D21E55091A9E}
		{94B0AAF6-8C31-4F79-BF62-04721A86E24F} = {D7476A1D-B475-472A-946A-D21E55091A9E}
		{8E7174FD-D86D-4E96-8C37-8C0D5D738383} = {8EA531C5-4520-4BEC-A2F7-4E214F30C325}
		{17681D79-E62B-4BAD-9633-67D07F5A8408} = {8EA531C5-4520-4BEC-A2F7-4E214F30C325}
	EndGlobalSection
EndGlobal
